
Microsoft Visual Studio Solution File, Format Version 12.00
# Visual Studio 2013
VisualStudioVersion = 12.0.30501.0
MinimumVisualStudioVersion = 10.0.40219.1
Project("{8BC9CEB8-8B4A-11D0-8D11-00A0C91BC942}") = "TwoSum", "TwoSum\TwoSum.vcxproj", "{18E77759-5FE8-43B6-99D7-D0199D1AA5BC}"
EndProject
Project("{8BC9CEB8-8B4A-11D0-8D11-00A0C91BC942}") = "Add_two_numbers", "Add_two_numbers\Add_two_numbers.vcxproj", "{788FD8CF-F041-4334-9AAB-FF94B9122A32}"
EndProject
Project("{8BC9CEB8-8B4A-11D0-8D11-00A0C91BC942}") = "lenthOfLongestSubstring", "lenthofLongestSubstring\lenthofLongestSubstring.vcxproj", "{16063458-F7EF-4197-A974-436F8392AE44}"
EndProject
Project("{8BC9CEB8-8B4A-11D0-8D11-00A0C91BC942}") = "LPS（最长回文子串）--Manacher", "LPS--Manacher\LPS--Manacher.vcxproj", "{81968405-AD4A-4A0D-83F6-915F227193FC}"
EndProject
Project("{8BC9CEB8-8B4A-11D0-8D11-00A0C91BC942}") = "Reverse string", "Reverse string\Reverse string.vcxproj", "{6C9CE771-1454-45C3-9723-207FC16169DA}"
EndProject
Project("{8BC9CEB8-8B4A-11D0-8D11-00A0C91BC942}") = "valid palindrome", "valid palindrome\valid palindrome.vcxproj", "{35E357BA-CBB8-43C4-821B-C57443E77A99}"
EndProject
Project("{8BC9CEB8-8B4A-11D0-8D11-00A0C91BC942}") = "Implement strstr", "Implement strstr\Implement strstr.vcxproj", "{E037A44A-BAA0-405A-A65E-4A5BDF1DC2FC}"
EndProject
Global
	GlobalSection(SolutionConfigurationPlatforms) = preSolution
		Debug|Win32 = Debug|Win32
		Release|Win32 = Release|Win32
	EndGlobalSection
	GlobalSection(ProjectConfigurationPlatforms) = postSolution
		{18E77759-5FE8-43B6-99D7-D0199D1AA5BC}.Debug|Win32.ActiveCfg = Debug|Win32
		{18E77759-5FE8-43B6-99D7-D0199D1AA5BC}.Debug|Win32.Build.0 = Debug|Win32
		{18E77759-5FE8-43B6-99D7-D0199D1AA5BC}.Release|Win32.ActiveCfg = Release|Win32
		{18E77759-5FE8-43B6-99D7-D0199D1AA5BC}.Release|Win32.Build.0 = Release|Win32
		{788FD8CF-F041-4334-9AAB-FF94B9122A32}.Debug|Win32.ActiveCfg = Debug|Win32
		{788FD8CF-F041-4334-9AAB-FF94B9122A32}.Debug|Win32.Build.0 = Debug|Win32
		{788FD8CF-F041-4334-9AAB-FF94B9122A32}.Release|Win32.ActiveCfg = Release|Win32
		{788FD8CF-F041-4334-9AAB-FF94B9122A32}.Release|Win32.Build.0 = Release|Win32
		{16063458-F7EF-4197-A974-436F8392AE44}.Debug|Win32.ActiveCfg = Debug|Win32
		{16063458-F7EF-4197-A974-436F8392AE44}.Debug|Win32.Build.0 = Debug|Win32
		{16063458-F7EF-4197-A974-436F8392AE44}.Release|Win32.ActiveCfg = Release|Win32
		{16063458-F7EF-4197-A974-436F8392AE44}.Release|Win32.Build.0 = Release|Win32
		{81968405-AD4A-4A0D-83F6-915F227193FC}.Debug|Win32.ActiveCfg = Debug|Win32
		{81968405-AD4A-4A0D-83F6-915F227193FC}.Debug|Win32.Build.0 = Debug|Win32
		{81968405-AD4A-4A0D-83F6-915F227193FC}.Release|Win32.ActiveCfg = Release|Win32
		{81968405-AD4A-4A0D-83F6-915F227193FC}.Release|Win32.Build.0 = Release|Win32
		{6C9CE771-1454-45C3-9723-207FC16169DA}.Debug|Win32.ActiveCfg = Debug|Win32
		{6C9CE771-1454-45C3-9723-207FC16169DA}.Debug|Win32.Build.0 = Debug|Win32
		{6C9CE771-1454-45C3-9723-207FC16169DA}.Release|Win32.ActiveCfg = Release|Win32
		{6C9CE771-1454-45C3-9723-207FC16169DA}.Release|Win32.Build.0 = Release|Win32
		{35E357BA-CBB8-43C4-821B-C57443E77A99}.Debug|Win32.ActiveCfg = Debug|Win32
		{35E357BA-CBB8-43C4-821B-C57443E77A99}.Debug|Win32.Build.0 = Debug|Win32
		{35E357BA-CBB8-43C4-821B-C57443E77A99}.Release|Win32.ActiveCfg = Release|Win32
		{35E357BA-CBB8-43C4-821B-C57443E77A99}.Release|Win32.Build.0 = Release|Win32
		{E037A44A-BAA0-405A-A65E-4A5BDF1DC2FC}.Debug|Win32.ActiveCfg = Debug|Win32
		{E037A44A-BAA0-405A-A65E-4A5BDF1DC2FC}.Debug|Win32.Build.0 = Debug|Win32
		{E037A44A-BAA0-405A-A65E-4A5BDF1DC2FC}.Release|Win32.ActiveCfg = Release|Win32
		{E037A44A-BAA0-405A-A65E-4A5BDF1DC2FC}.Release|Win32.Build.0 = Release|Win32
	EndGlobalSection
	GlobalSection(SolutionProperties) = preSolution
		HideSolutionNode = FALSE
	EndGlobalSection
EndGlobal
